Microsoft Visual Studio Solution File, Format Version 12.00
# Visual Studio Version 17
VisualStudioVersion = 17.14.35821.62 d17.14
MinimumVisualStudioVersion = 10.0.40219.1
Project("{FAE04EC0-301F-11D3-BF4B-00C04F79EFBC}") = "landing-cms.AppHost", "landing-cms.AppHost\landing-cms.AppHost.csproj", "{7055C330-23C7-4A36-B922-C73F658C48FE}"
EndProject
Project("{FAE04EC0-301F-11D3-BF4B-00C04F79EFBC}") = "landing-cms.ServiceDefaults", "landing-cms.ServiceDefaults\landing-cms.ServiceDefaults.csproj", "{7698496E-84E2-F618-D919-1ABA216B9830}"
EndProject
Project("{54A90642-561A-4BB1-A94E-469ADEE60C69}") = "landing-cms.Client", "landing-cms.Client\landing-cms.Client.esproj", "{C2961D46-3EB5-0439-9366-D70EAF1B3872}"
EndProject
Project("{FAE04EC0-301F-11D3-BF4B-00C04F79EFBC}") = "landing-cms.Server", "landing-cms.Server\landing-cms.Server.csproj", "{FB33AB33-85D8-F6EB-7166-5B0DC6F448C6}"
EndProject
Global
	GlobalSection(SolutionConfigurationPlatforms) = preSolution
		Debug|Any CPU = Debug|Any CPU
		Release|Any CPU = Release|Any CPU
	EndGlobalSection
	GlobalSection(ProjectConfigurationPlatforms) = postSolution
		{7055C330-23C7-4A36-B922-C73F658C48FE}.Debug|Any CPU.ActiveCfg = Debug|Any CPU
		{7055C330-23C7-4A36-B922-C73F658C48FE}.Debug|Any CPU.Build.0 = Debug|Any CPU
		{7055C330-23C7-4A36-B922-C73F658C48FE}.Release|Any CPU.ActiveCfg = Release|Any CPU
		{7055C330-23C7-4A36-B922-C73F658C48FE}.Release|Any CPU.Build.0 = Release|Any CPU
		{7698496E-84E2-F618-D919-1ABA216B9830}.Debug|Any CPU.ActiveCfg = Debug|Any CPU
		{7698496E-84E2-F618-D919-1ABA216B9830}.Debug|Any CPU.Build.0 = Debug|Any CPU
		{7698496E-84E2-F618-D919-1ABA216B9830}.Release|Any CPU.ActiveCfg = Release|Any CPU
		{7698496E-84E2-F618-D919-1ABA216B9830}.Release|Any CPU.Build.0 = Release|Any CPU
		{C2961D46-3EB5-0439-9366-D70EAF1B3872}.Debug|Any CPU.ActiveCfg = Debug|Any CPU
		{C2961D46-3EB5-0439-9366-D70EAF1B3872}.Debug|Any CPU.Build.0 = Debug|Any CPU
		{C2961D46-3EB5-0439-9366-D70EAF1B3872}.Debug|Any CPU.Deploy.0 = Debug|Any CPU
		{C2961D46-3EB5-0439-9366-D70EAF1B3872}.Release|Any CPU.ActiveCfg = Release|Any CPU
		{C2961D46-3EB5-0439-9366-D70EAF1B3872}.Release|Any CPU.Build.0 = Release|Any CPU
		{C2961D46-3EB5-0439-9366-D70EAF1B3872}.Release|Any CPU.Deploy.0 = Release|Any CPU
		{FB33AB33-85D8-F6EB-7166-5B0DC6F448C6}.Debug|Any CPU.ActiveCfg = Debug|Any CPU
		{FB33AB33-85D8-F6EB-7166-5B0DC6F448C6}.Debug|Any CPU.Build.0 = Debug|Any CPU
		{FB33AB33-85D8-F6EB-7166-5B0DC6F448C6}.Release|Any CPU.ActiveCfg = Release|Any CPU
		{FB33AB33-85D8-F6EB-7166-5B0DC6F448C6}.Release|Any CPU.Build.0 = Release|Any CPU
	EndGlobalSection
	GlobalSection(SolutionProperties) = preSolution
		HideSolutionNode = FALSE
	EndGlobalSection
	GlobalSection(ExtensibilityGlobals) = postSolution
		SolutionGuid = {D8C85D91-D465-4D3D-A946-00D63665D404}
	EndGlobalSection
EndGlobal
